
Microsoft Visual Studio Solution File, Format Version 12.00
# Visual Studio Version 17
VisualStudioVersion = 17.0.31521.260
MinimumVisualStudioVersion = 10.0.40219.1
Project("{9A19103F-16F7-4668-BE54-9A1E7A4F7556}") = "TelegramNoteBot", "TelegramNoteBot\TelegramNoteBot.csproj", "{BF599B03-C600-4E78-B2A4-39CEFFD36B26}"
EndProject
Project("{9A19103F-16F7-4668-BE54-9A1E7A4F7556}") = "TestTelegramNoteBot", "TestTelegramNoteBot\TestTelegramNoteBot.csproj", "{EB66D995-4FC5-4617-A188-1F037BA415AD}"
EndProject
Project("{FAE04EC0-301F-11D3-BF4B-00C04F79EFBC}") = "ConsoleApp1", "ConsoleApp1\ConsoleApp1.csproj", "{03F1A751-E509-467A-8F88-812CFAFA1D2E}"
EndProject
Project("{2150E333-8FDC-42A3-9474-1A3956D46DE8}") = "Solution Items", "Solution Items", "{693C11FE-3178-4D18-A39D-EB111FE014A5}"
	ProjectSection(SolutionItems) = preProject
		.editorconfig = .editorconfig
	EndProjectSection
EndProject
Global
	GlobalSection(SolutionConfigurationPlatforms) = preSolution
		Debug|Any CPU = Debug|Any CPU
		Release|Any CPU = Release|Any CPU
	EndGlobalSection
	GlobalSection(ProjectConfigurationPlatforms) = postSolution
		{BF599B03-C600-4E78-B2A4-39CEFFD36B26}.Debug|Any CPU.ActiveCfg = Debug|Any CPU
		{BF599B03-C600-4E78-B2A4-39CEFFD36B26}.Debug|Any CPU.Build.0 = Debug|Any CPU
		{BF599B03-C600-4E78-B2A4-39CEFFD36B26}.Release|Any CPU.ActiveCfg = Release|Any CPU
		{BF599B03-C600-4E78-B2A4-39CEFFD36B26}.Release|Any CPU.Build.0 = Release|Any CPU
		{EB66D995-4FC5-4617-A188-1F037BA415AD}.Debug|Any CPU.ActiveCfg = Debug|Any CPU
		{EB66D995-4FC5-4617-A188-1F037BA415AD}.Debug|Any CPU.Build.0 = Debug|Any CPU
		{EB66D995-4FC5-4617-A188-1F037BA415AD}.Release|Any CPU.ActiveCfg = Release|Any CPU
		{EB66D995-4FC5-4617-A188-1F037BA415AD}.Release|Any CPU.Build.0 = Release|Any CPU
		{03F1A751-E509-467A-8F88-812CFAFA1D2E}.Debug|Any CPU.ActiveCfg = Debug|Any CPU
		{03F1A751-E509-467A-8F88-812CFAFA1D2E}.Debug|Any CPU.Build.0 = Debug|Any CPU
		{03F1A751-E509-467A-8F88-812CFAFA1D2E}.Release|Any CPU.ActiveCfg = Release|Any CPU
		{03F1A751-E509-467A-8F88-812CFAFA1D2E}.Release|Any CPU.Build.0 = Release|Any CPU
	EndGlobalSection
	GlobalSection(SolutionProperties) = preSolution
		HideSolutionNode = FALSE
	EndGlobalSection
	GlobalSection(ExtensibilityGlobals) = postSolution
		SolutionGuid = {12671393-C113-473A-A6ED-8632EBC8C788}
	EndGlobalSection
EndGlobal
